
Microsoft Visual Studio Solution File, Format Version 12.00
# Visual Studio Version 17
VisualStudioVersion = 17.2.32519.379
MinimumVisualStudioVersion = 10.0.40219.1
Project("{9A19103F-16F7-4668-BE54-9A1E7A4F7556}") = "API", "API\API.csproj", "{AF94B170-87D0-4B8E-9143-2DCAC664E2B0}"
EndProject
Project("{FAE04EC0-301F-11D3-BF4B-00C04F79EFBC}") = "Repo", "Repo\Repo.csproj", "{6F757A86-7C2D-4E03-A0AA-4F9CD028ECAE}"
EndProject
Project("{FAE04EC0-301F-11D3-BF4B-00C04F79EFBC}") = "Data", "Data\Data.csproj", "{0802BB44-A17A-4FF7-BC5A-00D93017824D}"
EndProject
Project("{FAE04EC0-301F-11D3-BF4B-00C04F79EFBC}") = "Services", "Services\Services.csproj", "{C6580F0E-83DE-401F-8F30-5B3469B75F85}"
EndProject
Project("{FAE04EC0-301F-11D3-BF4B-00C04F79EFBC}") = "Tests", "Tests\Tests.csproj", "{94562F2A-AC86-403C-AC06-197243C922F5}"
EndProject
Global
	GlobalSection(SolutionConfigurationPlatforms) = preSolution
		Debug|Any CPU = Debug|Any CPU
		Release|Any CPU = Release|Any CPU
	EndGlobalSection
	GlobalSection(ProjectConfigurationPlatforms) = postSolution
		{AF94B170-87D0-4B8E-9143-2DCAC664E2B0}.Debug|Any CPU.ActiveCfg = Debug|Any CPU
		{AF94B170-87D0-4B8E-9143-2DCAC664E2B0}.Debug|Any CPU.Build.0 = Debug|Any CPU
		{AF94B170-87D0-4B8E-9143-2DCAC664E2B0}.Release|Any CPU.ActiveCfg = Release|Any CPU
		{AF94B170-87D0-4B8E-9143-2DCAC664E2B0}.Release|Any CPU.Build.0 = Release|Any CPU
		{6F757A86-7C2D-4E03-A0AA-4F9CD028ECAE}.Debug|Any CPU.ActiveCfg = Debug|Any CPU
		{6F757A86-7C2D-4E03-A0AA-4F9CD028ECAE}.Debug|Any CPU.Build.0 = Debug|Any CPU
		{6F757A86-7C2D-4E03-A0AA-4F9CD028ECAE}.Release|Any CPU.ActiveCfg = Release|Any CPU
		{6F757A86-7C2D-4E03-A0AA-4F9CD028ECAE}.Release|Any CPU.Build.0 = Release|Any CPU
		{0802BB44-A17A-4FF7-BC5A-00D93017824D}.Debug|Any CPU.ActiveCfg = Debug|Any CPU
		{0802BB44-A17A-4FF7-BC5A-00D93017824D}.Debug|Any CPU.Build.0 = Debug|Any CPU
		{0802BB44-A17A-4FF7-BC5A-00D93017824D}.Release|Any CPU.ActiveCfg = Release|Any CPU
		{0802BB44-A17A-4FF7-BC5A-00D93017824D}.Release|Any CPU.Build.0 = Release|Any CPU
		{C6580F0E-83DE-401F-8F30-5B3469B75F85}.Debug|Any CPU.ActiveCfg = Debug|Any CPU
		{C6580F0E-83DE-401F-8F30-5B3469B75F85}.Debug|Any CPU.Build.0 = Debug|Any CPU
		{C6580F0E-83DE-401F-8F30-5B3469B75F85}.Release|Any CPU.ActiveCfg = Release|Any CPU
		{C6580F0E-83DE-401F-8F30-5B3469B75F85}.Release|Any CPU.Build.0 = Release|Any CPU
		{94562F2A-AC86-403C-AC06-197243C922F5}.Debug|Any CPU.ActiveCfg = Debug|Any CPU
		{94562F2A-AC86-403C-AC06-197243C922F5}.Debug|Any CPU.Build.0 = Debug|Any CPU
		{94562F2A-AC86-403C-AC06-197243C922F5}.Release|Any CPU.ActiveCfg = Release|Any CPU
		{94562F2A-AC86-403C-AC06-197243C922F5}.Release|Any CPU.Build.0 = Release|Any CPU
	EndGlobalSection
	GlobalSection(SolutionProperties) = preSolution
		HideSolutionNode = FALSE
	EndGlobalSection
	GlobalSection(ExtensibilityGlobals) = postSolution
		SolutionGuid = {E9BCE10C-55C1-427F-89F7-692CD7AAD02A}
	EndGlobalSection
EndGlobal
